
Microsoft Visual Studio Solution File, Format Version 12.00
# Visual Studio Version 16
VisualStudioVersion = 16.0.30330.147
MinimumVisualStudioVersion = 10.0.40219.1
Project("{FAE04EC0-301F-11D3-BF4B-00C04F79EFBC}") = "BeerhallEF", "BeerhallEF\BeerhallEF.csproj", "{44CBDE33-F8C3-46AD-9239-6696532E8923}"
EndProject
Global
	GlobalSection(SolutionConfigurationPlatforms) = preSolution
		Debug|Any CPU = Debug|Any CPU
		Release|Any CPU = Release|Any CPU
	EndGlobalSection
	GlobalSection(ProjectConfigurationPlatforms) = postSolution
		{44CBDE33-F8C3-46AD-9239-6696532E8923}.Debug|Any CPU.ActiveCfg = Debug|Any CPU
		{44CBDE33-F8C3-46AD-9239-6696532E8923}.Debug|Any CPU.Build.0 = Debug|Any CPU
		{44CBDE33-F8C3-46AD-9239-6696532E8923}.Release|Any CPU.ActiveCfg = Release|Any CPU
		{44CBDE33-F8C3-46AD-9239-6696532E8923}.Release|Any CPU.Build.0 = Release|Any CPU
	EndGlobalSection
	GlobalSection(SolutionProperties) = preSolution
		HideSolutionNode = FALSE
	EndGlobalSection
	GlobalSection(ExtensibilityGlobals) = postSolution
		SolutionGuid = {070670C4-C0AE-49BE-BA11-B95FAD7B5EC4}
	EndGlobalSection
EndGlobal
